Microsoft Visual Studio Solution File, Format Version 12.00
# Visual Studio Version 17
VisualStudioVersion = 17.2.32210.308
MinimumVisualStudioVersion = 15.0.26124.0

Project("{2150E333-8FDC-42A3-9474-1A3956D46DE8}") = "Tests", "Tests", "{F7735033-7554-437B-A781-DD4F03E28DBF}"
EndProject
Project("{9A19103F-16F7-4668-BE54-9A1E7A4F7556}") = "Patina", "Patina\Patina.csproj", "{ECB6D239-A2FF-4AEB-BA6E-37D8F25C9948}"
EndProject
Project("{9A19103F-16F7-4668-BE54-9A1E7A4F7556}") = "Patina.Tests", "Patina.Tests\Patina.Tests.csproj", "{0A1A5DD9-54B8-4C52-8BD9-DF2E07195279}"
EndProject

Project("{2150E333-8FDC-42A3-9474-1A3956D46DE8}") = "Solution Items", "Solution Items", "{BADA71DC-7FFD-4EDC-9F28-FB74AEADC713}"
	ProjectSection(SolutionItems) = preProject
		.editorconfig = .editorconfig
		.gitignore = .gitignore
		.vsconfig = .vsconfig
		Directory.Build.props = Directory.Build.props
		Directory.Build.targets = Directory.Build.targets
		Directory.Packages.props = Directory.Packages.props
		global.json = global.json
	EndProjectSection
EndProject
Global
	GlobalSection(SolutionConfigurationPlatforms) = preSolution
		Debug|Any CPU = Debug|Any CPU
		Debug|ARM = Debug|ARM
		Debug|ARM64 = Debug|ARM64
		Debug|iPhone = Debug|iPhone
		Debug|iPhoneSimulator = Debug|iPhoneSimulator
		Debug|x64 = Debug|x64
		Debug|x86 = Debug|x86
		Release|Any CPU = Release|Any CPU
		Release|ARM = Release|ARM
		Release|ARM64 = Release|ARM64
		Release|iPhone = Release|iPhone
		Release|iPhoneSimulator = Release|iPhoneSimulator
		Release|x64 = Release|x64
		Release|x86 = Release|x86
	EndGlobalSection
	GlobalSection(ProjectConfigurationPlatforms) = postSolution
		{ECB6D239-A2FF-4AEB-BA6E-37D8F25C9948}.Debug|Any CPU.ActiveCfg = Debug|Any CPU
		{ECB6D239-A2FF-4AEB-BA6E-37D8F25C9948}.Debug|Any CPU.Build.0 = Debug|Any CPU
		{ECB6D239-A2FF-4AEB-BA6E-37D8F25C9948}.Debug|Any CPU.Deploy.0 = Debug|Any CPU
		{ECB6D239-A2FF-4AEB-BA6E-37D8F25C9948}.Debug|ARM.ActiveCfg = Debug|Any CPU
		{ECB6D239-A2FF-4AEB-BA6E-37D8F25C9948}.Debug|ARM.Build.0 = Debug|Any CPU
		{ECB6D239-A2FF-4AEB-BA6E-37D8F25C9948}.Debug|ARM.Deploy.0 = Debug|Any CPU
		{ECB6D239-A2FF-4AEB-BA6E-37D8F25C9948}.Debug|ARM64.ActiveCfg = Debug|Any CPU
		{ECB6D239-A2FF-4AEB-BA6E-37D8F25C9948}.Debug|ARM64.Build.0 = Debug|Any CPU
		{ECB6D239-A2FF-4AEB-BA6E-37D8F25C9948}.Debug|ARM64.Deploy.0 = Debug|Any CPU
		{ECB6D239-A2FF-4AEB-BA6E-37D8F25C9948}.Debug|iPhone.ActiveCfg = Debug|Any CPU
		{ECB6D239-A2FF-4AEB-BA6E-37D8F25C9948}.Debug|iPhone.Build.0 = Debug|Any CPU
		{ECB6D239-A2FF-4AEB-BA6E-37D8F25C9948}.Debug|iPhone.Deploy.0 = Debug|Any CPU
		{ECB6D239-A2FF-4AEB-BA6E-37D8F25C9948}.Debug|iPhoneSimulator.ActiveCfg = Debug|Any CPU
		{ECB6D239-A2FF-4AEB-BA6E-37D8F25C9948}.Debug|iPhoneSimulator.Build.0 = Debug|Any CPU
		{ECB6D239-A2FF-4AEB-BA6E-37D8F25C9948}.Debug|iPhoneSimulator.Deploy.0 = Debug|Any CPU
		{ECB6D239-A2FF-4AEB-BA6E-37D8F25C9948}.Debug|x64.ActiveCfg = Debug|Any CPU
		{ECB6D239-A2FF-4AEB-BA6E-37D8F25C9948}.Debug|x64.Build.0 = Debug|Any CPU
		{ECB6D239-A2FF-4AEB-BA6E-37D8F25C9948}.Debug|x64.Deploy.0 = Debug|Any CPU
		{ECB6D239-A2FF-4AEB-BA6E-37D8F25C9948}.Debug|x86.ActiveCfg = Debug|Any CPU
		{ECB6D239-A2FF-4AEB-BA6E-37D8F25C9948}.Debug|x86.Build.0 = Debug|Any CPU
		{ECB6D239-A2FF-4AEB-BA6E-37D8F25C9948}.Debug|x86.Deploy.0 = Debug|Any CPU
		{ECB6D239-A2FF-4AEB-BA6E-37D8F25C9948}.Release|Any CPU.ActiveCfg = Release|Any CPU
		{ECB6D239-A2FF-4AEB-BA6E-37D8F25C9948}.Release|Any CPU.Build.0 = Release|Any CPU
		{ECB6D239-A2FF-4AEB-BA6E-37D8F25C9948}.Release|Any CPU.Deploy.0 = Release|Any CPU
		{ECB6D239-A2FF-4AEB-BA6E-37D8F25C9948}.Release|ARM.ActiveCfg = Release|Any CPU
		{ECB6D239-A2FF-4AEB-BA6E-37D8F25C9948}.Release|ARM.Build.0 = Release|Any CPU
		{ECB6D239-A2FF-4AEB-BA6E-37D8F25C9948}.Release|ARM.Deploy.0 = Release|Any CPU
		{ECB6D239-A2FF-4AEB-BA6E-37D8F25C9948}.Release|ARM64.ActiveCfg = Release|Any CPU
		{ECB6D239-A2FF-4AEB-BA6E-37D8F25C9948}.Release|ARM64.Build.0 = Release|Any CPU
		{ECB6D239-A2FF-4AEB-BA6E-37D8F25C9948}.Release|ARM64.Deploy.0 = Release|Any CPU
		{ECB6D239-A2FF-4AEB-BA6E-37D8F25C9948}.Release|iPhone.ActiveCfg = Release|Any CPU
		{ECB6D239-A2FF-4AEB-BA6E-37D8F25C9948}.Release|iPhone.Build.0 = Release|Any CPU
		{ECB6D239-A2FF-4AEB-BA6E-37D8F25C9948}.Release|iPhone.Deploy.0 = Release|Any CPU
		{ECB6D239-A2FF-4AEB-BA6E-37D8F25C9948}.Release|iPhoneSimulator.ActiveCfg = Release|Any CPU
		{ECB6D239-A2FF-4AEB-BA6E-37D8F25C9948}.Release|iPhoneSimulator.Build.0 = Release|Any CPU
		{ECB6D239-A2FF-4AEB-BA6E-37D8F25C9948}.Release|iPhoneSimulator.Deploy.0 = Release|Any CPU
		{ECB6D239-A2FF-4AEB-BA6E-37D8F25C9948}.Release|x64.ActiveCfg = Release|Any CPU
		{ECB6D239-A2FF-4AEB-BA6E-37D8F25C9948}.Release|x64.Build.0 = Release|Any CPU
		{ECB6D239-A2FF-4AEB-BA6E-37D8F25C9948}.Release|x64.Deploy.0 = Release|Any CPU
		{ECB6D239-A2FF-4AEB-BA6E-37D8F25C9948}.Release|x86.ActiveCfg = Release|Any CPU
		{ECB6D239-A2FF-4AEB-BA6E-37D8F25C9948}.Release|x86.Build.0 = Release|Any CPU
		{ECB6D239-A2FF-4AEB-BA6E-37D8F25C9948}.Release|x86.Deploy.0 = Release|Any CPU
		{0A1A5DD9-54B8-4C52-8BD9-DF2E07195279}.Debug|Any CPU.ActiveCfg = Debug|Any CPU
		{0A1A5DD9-54B8-4C52-8BD9-DF2E07195279}.Debug|Any CPU.Build.0 = Debug|Any CPU
		{0A1A5DD9-54B8-4C52-8BD9-DF2E07195279}.Debug|ARM.ActiveCfg = Debug|Any CPU
		{0A1A5DD9-54B8-4C52-8BD9-DF2E07195279}.Debug|ARM.Build.0 = Debug|Any CPU
		{0A1A5DD9-54B8-4C52-8BD9-DF2E07195279}.Debug|ARM64.ActiveCfg = Debug|Any CPU
		{0A1A5DD9-54B8-4C52-8BD9-DF2E07195279}.Debug|ARM64.Build.0 = Debug|Any CPU
		{0A1A5DD9-54B8-4C52-8BD9-DF2E07195279}.Debug|iPhone.ActiveCfg = Debug|Any CPU
		{0A1A5DD9-54B8-4C52-8BD9-DF2E07195279}.Debug|iPhone.Build.0 = Debug|Any CPU
		{0A1A5DD9-54B8-4C52-8BD9-DF2E07195279}.Debug|iPhoneSimulator.ActiveCfg = Debug|Any CPU
		{0A1A5DD9-54B8-4C52-8BD9-DF2E07195279}.Debug|iPhoneSimulator.Build.0 = Debug|Any CPU
		{0A1A5DD9-54B8-4C52-8BD9-DF2E07195279}.Debug|x64.ActiveCfg = Debug|Any CPU
		{0A1A5DD9-54B8-4C52-8BD9-DF2E07195279}.Debug|x64.Build.0 = Debug|Any CPU
		{0A1A5DD9-54B8-4C52-8BD9-DF2E07195279}.Debug|x86.ActiveCfg = Debug|Any CPU
		{0A1A5DD9-54B8-4C52-8BD9-DF2E07195279}.Debug|x86.Build.0 = Debug|Any CPU
		{0A1A5DD9-54B8-4C52-8BD9-DF2E07195279}.Release|Any CPU.ActiveCfg = Release|Any CPU
		{0A1A5DD9-54B8-4C52-8BD9-DF2E07195279}.Release|Any CPU.Build.0 = Release|Any CPU
		{0A1A5DD9-54B8-4C52-8BD9-DF2E07195279}.Release|ARM.ActiveCfg = Release|Any CPU
		{0A1A5DD9-54B8-4C52-8BD9-DF2E07195279}.Release|ARM.Build.0 = Release|Any CPU
		{0A1A5DD9-54B8-4C52-8BD9-DF2E07195279}.Release|ARM64.ActiveCfg = Release|Any CPU
		{0A1A5DD9-54B8-4C52-8BD9-DF2E07195279}.Release|ARM64.Build.0 = Release|Any CPU
		{0A1A5DD9-54B8-4C52-8BD9-DF2E07195279}.Release|iPhone.ActiveCfg = Release|Any CPU
		{0A1A5DD9-54B8-4C52-8BD9-DF2E07195279}.Release|iPhone.Build.0 = Release|Any CPU
		{0A1A5DD9-54B8-4C52-8BD9-DF2E07195279}.Release|iPhoneSimulator.ActiveCfg = Release|Any CPU
		{0A1A5DD9-54B8-4C52-8BD9-DF2E07195279}.Release|iPhoneSimulator.Build.0 = Release|Any CPU
		{0A1A5DD9-54B8-4C52-8BD9-DF2E07195279}.Release|x64.ActiveCfg = Release|Any CPU
		{0A1A5DD9-54B8-4C52-8BD9-DF2E07195279}.Release|x64.Build.0 = Release|Any CPU
		{0A1A5DD9-54B8-4C52-8BD9-DF2E07195279}.Release|x86.ActiveCfg = Release|Any CPU
		{0A1A5DD9-54B8-4C52-8BD9-DF2E07195279}.Release|x86.Build.0 = Release|Any CPU
	EndGlobalSection
	GlobalSection(SolutionProperties) = preSolution
		HideSolutionNode = FALSE
	EndGlobalSection
	GlobalSection(NestedProjects) = preSolution
		{0A1A5DD9-54B8-4C52-8BD9-DF2E07195279} = {F7735033-7554-437B-A781-DD4F03E28DBF}
	EndGlobalSection
	GlobalSection(ExtensibilityGlobals) = postSolution
		SolutionGuid = {4DC5A54E-E3A7-4E31-9957-84A7C3082425}
	EndGlobalSection
EndGlobal
